
Microsoft Visual Studio Solution File, Format Version 12.00
# Visual Studio Version 17
VisualStudioVersion = 17.10.35013.160
MinimumVisualStudioVersion = 10.0.40219.1
Project("{2150E333-8FDC-42A3-9474-1A3956D46DE8}") = "src", "src", "{E3AF987B-40E1-4008-9064-1553843A2F9F}"
EndProject
Project("{2150E333-8FDC-42A3-9474-1A3956D46DE8}") = "Api", "Api", "{C9A2BE0E-693D-4A12-897D-7F7F8F8FD6CE}"
EndProject
Project("{2150E333-8FDC-42A3-9474-1A3956D46DE8}") = "Core", "Core", "{BE3B954D-B50B-4197-B11A-D83F38AAB2FD}"
EndProject
Project("{2150E333-8FDC-42A3-9474-1A3956D46DE8}") = "Infrastructure", "Infrastructure", "{D997A4F2-E093-494B-B083-6CC8E9524BF3}"
EndProject
Project("{2150E333-8FDC-42A3-9474-1A3956D46DE8}") = "WebApi", "WebApi", "{C59CB04A-DDE6-407C-9AB1-C69EAD840431}"
EndProject
Project("{2150E333-8FDC-42A3-9474-1A3956D46DE8}") = "Client", "Client", "{CF69137A-597F-49DB-BFBE-56695D31CD85}"
EndProject
Project("{2150E333-8FDC-42A3-9474-1A3956D46DE8}") = "Common", "Common", "{F41F231A-760A-4D8E-BE83-CE8D2017E615}"
EndProject
Project("{9A19103F-16F7-4668-BE54-9A1E7A4F7556}") = "Dictionary.Common", "Common\Dictionary.Common\Dictionary.Common.csproj", "{804CED92-1991-4A64-9C64-054CF4EA0FC9}"
EndProject
Project("{9A19103F-16F7-4668-BE54-9A1E7A4F7556}") = "Dictionary.Api.Application", "Core\Dictionary.Api.Application\Dictionary.Api.Application.csproj", "{6F45A801-6EFF-4030-8599-E78610A461C6}"
EndProject
Project("{9A19103F-16F7-4668-BE54-9A1E7A4F7556}") = "Dictionary.Api.Domain", "Core\Dictionary.Api.Domain\Dictionary.Api.Domain.csproj", "{06616927-9DFF-43F5-A4D9-C4B496885223}"
EndProject
Project("{9A19103F-16F7-4668-BE54-9A1E7A4F7556}") = "Dictionary.Api.Persistence", "Infrastructure\Dictionary.Api.Persistence\Dictionary.Api.Persistence.csproj", "{516A98CE-79F4-4463-9AED-4450C9ED476C}"
EndProject
Project("{9A19103F-16F7-4668-BE54-9A1E7A4F7556}") = "Dictionary.Api.WebApi", "WebApi\Dictionary.Api.WebApi\Dictionary.Api.WebApi.csproj", "{F830D260-4E41-4E7A-BEE6-E4EC8A0505BD}"
EndProject
Project("{9A19103F-16F7-4668-BE54-9A1E7A4F7556}") = "Dictionary.CLient.Blazor.WebApi", "Dictionary.CLient.Blazor.WebApi\Dictionary.CLient.Blazor.WebApi.csproj", "{AC84913C-A08E-4995-8F05-72F22B6C0421}"
EndProject
Global
	GlobalSection(SolutionConfigurationPlatforms) = preSolution
		Debug|Any CPU = Debug|Any CPU
		Release|Any CPU = Release|Any CPU
	EndGlobalSection
	GlobalSection(ProjectConfigurationPlatforms) = postSolution
		{804CED92-1991-4A64-9C64-054CF4EA0FC9}.Debug|Any CPU.ActiveCfg = Debug|Any CPU
		{804CED92-1991-4A64-9C64-054CF4EA0FC9}.Debug|Any CPU.Build.0 = Debug|Any CPU
		{804CED92-1991-4A64-9C64-054CF4EA0FC9}.Release|Any CPU.ActiveCfg = Release|Any CPU
		{804CED92-1991-4A64-9C64-054CF4EA0FC9}.Release|Any CPU.Build.0 = Release|Any CPU
		{6F45A801-6EFF-4030-8599-E78610A461C6}.Debug|Any CPU.ActiveCfg = Debug|Any CPU
		{6F45A801-6EFF-4030-8599-E78610A461C6}.Debug|Any CPU.Build.0 = Debug|Any CPU
		{6F45A801-6EFF-4030-8599-E78610A461C6}.Release|Any CPU.ActiveCfg = Release|Any CPU
		{6F45A801-6EFF-4030-8599-E78610A461C6}.Release|Any CPU.Build.0 = Release|Any CPU
		{06616927-9DFF-43F5-A4D9-C4B496885223}.Debug|Any CPU.ActiveCfg = Debug|Any CPU
		{06616927-9DFF-43F5-A4D9-C4B496885223}.Debug|Any CPU.Build.0 = Debug|Any CPU
		{06616927-9DFF-43F5-A4D9-C4B496885223}.Release|Any CPU.ActiveCfg = Release|Any CPU
		{06616927-9DFF-43F5-A4D9-C4B496885223}.Release|Any CPU.Build.0 = Release|Any CPU
		{516A98CE-79F4-4463-9AED-4450C9ED476C}.Debug|Any CPU.ActiveCfg = Debug|Any CPU
		{516A98CE-79F4-4463-9AED-4450C9ED476C}.Debug|Any CPU.Build.0 = Debug|Any CPU
		{516A98CE-79F4-4463-9AED-4450C9ED476C}.Release|Any CPU.ActiveCfg = Release|Any CPU
		{516A98CE-79F4-4463-9AED-4450C9ED476C}.Release|Any CPU.Build.0 = Release|Any CPU
		{F830D260-4E41-4E7A-BEE6-E4EC8A0505BD}.Debug|Any CPU.ActiveCfg = Debug|Any CPU
		{F830D260-4E41-4E7A-BEE6-E4EC8A0505BD}.Debug|Any CPU.Build.0 = Debug|Any CPU
		{F830D260-4E41-4E7A-BEE6-E4EC8A0505BD}.Release|Any CPU.ActiveCfg = Release|Any CPU
		{F830D260-4E41-4E7A-BEE6-E4EC8A0505BD}.Release|Any CPU.Build.0 = Release|Any CPU
		{AC84913C-A08E-4995-8F05-72F22B6C0421}.Debug|Any CPU.ActiveCfg = Debug|Any CPU
		{AC84913C-A08E-4995-8F05-72F22B6C0421}.Debug|Any CPU.Build.0 = Debug|Any CPU
		{AC84913C-A08E-4995-8F05-72F22B6C0421}.Release|Any CPU.ActiveCfg = Release|Any CPU
		{AC84913C-A08E-4995-8F05-72F22B6C0421}.Release|Any CPU.Build.0 = Release|Any CPU
	EndGlobalSection
	GlobalSection(SolutionProperties) = preSolution
		HideSolutionNode = FALSE
	EndGlobalSection
	GlobalSection(NestedProjects) = preSolution
		{C9A2BE0E-693D-4A12-897D-7F7F8F8FD6CE} = {E3AF987B-40E1-4008-9064-1553843A2F9F}
		{BE3B954D-B50B-4197-B11A-D83F38AAB2FD} = {C9A2BE0E-693D-4A12-897D-7F7F8F8FD6CE}
		{D997A4F2-E093-494B-B083-6CC8E9524BF3} = {C9A2BE0E-693D-4A12-897D-7F7F8F8FD6CE}
		{C59CB04A-DDE6-407C-9AB1-C69EAD840431} = {C9A2BE0E-693D-4A12-897D-7F7F8F8FD6CE}
		{CF69137A-597F-49DB-BFBE-56695D31CD85} = {E3AF987B-40E1-4008-9064-1553843A2F9F}
		{F41F231A-760A-4D8E-BE83-CE8D2017E615} = {E3AF987B-40E1-4008-9064-1553843A2F9F}
		{804CED92-1991-4A64-9C64-054CF4EA0FC9} = {F41F231A-760A-4D8E-BE83-CE8D2017E615}
		{6F45A801-6EFF-4030-8599-E78610A461C6} = {BE3B954D-B50B-4197-B11A-D83F38AAB2FD}
		{06616927-9DFF-43F5-A4D9-C4B496885223} = {BE3B954D-B50B-4197-B11A-D83F38AAB2FD}
		{516A98CE-79F4-4463-9AED-4450C9ED476C} = {D997A4F2-E093-494B-B083-6CC8E9524BF3}
		{F830D260-4E41-4E7A-BEE6-E4EC8A0505BD} = {C59CB04A-DDE6-407C-9AB1-C69EAD840431}
		{AC84913C-A08E-4995-8F05-72F22B6C0421} = {CF69137A-597F-49DB-BFBE-56695D31CD85}
	EndGlobalSection
	GlobalSection(ExtensibilityGlobals) = postSolution
		SolutionGuid = {C67F7CC2-A823-4751-990E-3603D25AE47B}
	EndGlobalSection
EndGlobal
